{
  "version": 4,
  "terraform_version": "1.1.7",
  "serial": 11,
  "lineage": "e8a97852-5c24-8f23-3494-0c4a4b2306fe",
  "outputs": {
    "file_bar": {
      "value": {
        "content": "",
        "content_base64": "",
        "filename": "./bar.txt",
        "id": "da39a3ee5e6b4b0d3255bfef95601890afd80709"
      },
      "type": [
        "object",
        {
          "content": "string",
          "content_base64": "string",
          "filename": "string",
          "id": "string"
        }
      ]
    },
    "vpc_foo": {
      "value": {
        "arn": "arn:aws:ec2:ap-northeast-2:811255115036:vpc/vpc-039c3146886e83ed3",
        "assign_generated_ipv6_cidr_block": false,
        "cidr_block": "10.123.0.0/16",
        "default_network_acl_id": "acl-0cb897d394b0b2c67",
        "default_route_table_id": "rtb-0513d1aa344dab4de",
        "default_security_group_id": "sg-0c1a1acdcfae3af09",
        "dhcp_options_id": "dopt-02fb7e3b0b7fa387b",
        "enable_classiclink": false,
        "enable_classiclink_dns_support": false,
        "enable_dns_hostnames": false,
        "enable_dns_support": true,
        "id": "vpc-039c3146886e83ed3",
        "instance_tenancy": "default",
        "ipv4_ipam_pool_id": null,
        "ipv4_netmask_length": null,
        "ipv6_association_id": "",
        "ipv6_cidr_block": "",
        "ipv6_cidr_block_network_border_group": "",
        "ipv6_ipam_pool_id": "",
        "ipv6_netmask_length": 0,
        "main_route_table_id": "rtb-0513d1aa344dab4de",
        "owner_id": "811255115036",
        "tags": {
          "Name": "This is Test VPC"
        },
        "tags_all": {
          "Name": "This is Test VPC"
        }
      },
      "type": [
        "object",
        {
          "arn": "string",
          "assign_generated_ipv6_cidr_block": "bool",
          "cidr_block": "string",
          "default_network_acl_id": "string",
          "default_route_table_id": "string",
          "default_security_group_id": "string",
          "dhcp_options_id": "string",
          "enable_classiclink": "bool",
          "enable_classiclink_dns_support": "bool",
          "enable_dns_hostnames": "bool",
          "enable_dns_support": "bool",
          "id": "string",
          "instance_tenancy": "string",
          "ipv4_ipam_pool_id": "string",
          "ipv4_netmask_length": "number",
          "ipv6_association_id": "string",
          "ipv6_cidr_block": "string",
          "ipv6_cidr_block_network_border_group": "string",
          "ipv6_ipam_pool_id": "string",
          "ipv6_netmask_length": "number",
          "main_route_table_id": "string",
          "owner_id": "string",
          "tags": [
            "map",
            "string"
          ],
          "tags_all": [
            "map",
            "string"
          ]
        }
      ]
    },
    "vpcs": {
      "value": {
        "filter": null,
        "id": "ap-northeast-2",
        "ids": [
          "vpc-054e5f58a852f58f8",
          "vpc-039c3146886e83ed3",
          "vpc-014fc55b5f36e6d5d"
        ],
        "tags": null
      },
      "type": [
        "object",
        {
          "filter": [
            "set",
            [
              "object",
              {
                "name": "string",
                "values": [
                  "list",
                  "string"
                ]
              }
            ]
          ],
          "id": "string",
          "ids": [
            "list",
            "string"
          ],
          "tags": [
            "map",
            "string"
          ]
        }
      ]
    }
  },
  "resources": [
    {
      "mode": "data",
      "type": "aws_vpcs",
      "name": "this",
      "provider": "provider[\"registry.terraform.io/hashicorp/aws\"]",
      "instances": [
        {
          "schema_version": 0,
          "attributes": {
            "filter": null,
            "id": "ap-northeast-2",
            "ids": [
              "vpc-054e5f58a852f58f8",
              "vpc-039c3146886e83ed3",
              "vpc-014fc55b5f36e6d5d"
            ],
            "tags": null
          },
          "sensitive_attributes": []
        }
      ]
    },
    {
      "mode": "data",
      "type": "local_file",
      "name": "bar",
      "provider": "provider[\"registry.terraform.io/hashicorp/local\"]",
      "instances": [
        {
          "schema_version": 0,
          "attributes": {
            "content": "",
            "content_base64": "",
            "filename": "./bar.txt",
            "id": "da39a3ee5e6b4b0d3255bfef95601890afd80709"
          },
          "sensitive_attributes": []
        }
      ]
    },
    {
      "mode": "managed",
      "type": "aws_vpc",
      "name": "foo",
      "provider": "provider[\"registry.terraform.io/hashicorp/aws\"]",
      "instances": [
        {
          "schema_version": 1,
          "attributes": {
            "arn": "arn:aws:ec2:ap-northeast-2:811255115036:vpc/vpc-039c3146886e83ed3",
            "assign_generated_ipv6_cidr_block": false,
            "cidr_block": "10.123.0.0/16",
            "default_network_acl_id": "acl-0cb897d394b0b2c67",
            "default_route_table_id": "rtb-0513d1aa344dab4de",
            "default_security_group_id": "sg-0c1a1acdcfae3af09",
            "dhcp_options_id": "dopt-02fb7e3b0b7fa387b",
            "enable_classiclink": false,
            "enable_classiclink_dns_support": false,
            "enable_dns_hostnames": false,
            "enable_dns_support": true,
            "id": "vpc-039c3146886e83ed3",
            "instance_tenancy": "default",
            "ipv4_ipam_pool_id": null,
            "ipv4_netmask_length": null,
            "ipv6_association_id": "",
            "ipv6_cidr_block": "",
            "ipv6_cidr_block_network_border_group": "",
            "ipv6_ipam_pool_id": "",
            "ipv6_netmask_length": 0,
            "main_route_table_id": "rtb-0513d1aa344dab4de",
            "owner_id": "811255115036",
            "tags": {
              "Name": "This is Test VPC"
            },
            "tags_all": {
              "Name": "This is Test VPC"
            }
          },
          "sensitive_attributes": [],
          "private": "eyJzY2hlbWFfdmVyc2lvbiI6IjEifQ=="
        }
      ]
    },
    {
      "mode": "managed",
      "type": "local_file",
      "name": "bar",
      "provider": "provider[\"registry.terraform.io/hashicorp/local\"]",
      "instances": [
        {
          "schema_version": 0,
          "attributes": {
            "content": "Hello World",
            "content_base64": null,
            "directory_permission": "0777",
            "file_permission": "0777",
            "filename": "./foo.txt",
            "id": "0a4d55a8d778e5022fab701977c5d840bbc486d0",
            "sensitive_content": null,
            "source": null
          },
          "sensitive_attributes": [],
          "private": "bnVsbA=="
        }
      ]
    }
  ]
}
